// !$*UTF8*$!
{
	archiveVersion = 1;
	classes = {
	};
	objectVersion = 46;
	objects = {

/* Begin PBXBuildFile section */
		592E5A331595D6FB002FFF5C /* Cocoa.framework in Frameworks */ = {isa = PBXBuildFile; fileRef = 592E5A321595D6FB002FFF5C /* Cocoa.framework */; };
		592E5A3D1595D6FB002FFF5C /* InfoPlist.strings in Resources */ = {isa = PBXBuildFile; fileRef = 592E5A3B1595D6FB002FFF5C /* InfoPlist.strings */; };
		592E5A3F1595D6FB002FFF5C /* main.m in Sources */ = {isa = PBXBuildFile; fileRef = 592E5A3E1595D6FB002FFF5C /* main.m */; };
		592E5A461595D6FB002FFF5C /* Document.m in Sources */ = {isa = PBXBuildFile; fileRef = 592E5A451595D6FB002FFF5C /* Document.m */; };
		592E5A491595D6FB002FFF5C /* Document.xib in Resources */ = {isa = PBXBuildFile; fileRef = 592E5A471595D6FB002FFF5C /* Document.xib */; };
		592E5A4C1595D6FB002FFF5C /* MainMenu.xib in Resources */ = {isa = PBXBuildFile; fileRef = 592E5A4A1595D6FB002FFF5C /* MainMenu.xib */; };
		592E5A5B1595F9CF002FFF5C /* MoviePreview.m in Sources */ = {isa = PBXBuildFile; fileRef = 592E5A5A1595F9CF002FFF5C /* MoviePreview.m */; };
		592E5A5E159603FF002FFF5C /* Movie.m in Sources */ = {isa = PBXBuildFile; fileRef = 592E5A5D159603FF002FFF5C /* Movie.m */; };
/* End PBXBuildFile section */

/* Begin PBXFileReference section */
		592E5A2E1595D6FB002FFF5C /* MovieTagger.app */ = {isa = PBXFileReference; explicitFileType = wrapper.application; includeInIndex = 0; path = MovieTagger.app; sourceTree = BUILT_PRODUCTS_DIR; };
		592E5A321595D6FB002FFF5C /* Cocoa.framework */ = {isa = PBXFileReference; lastKnownFileType = wrapper.framework; name = Cocoa.framework; path = System/Library/Frameworks/Cocoa.framework; sourceTree = SDKROOT; };
		592E5A351595D6FB002FFF5C /* AppKit.framework */ = {isa = PBXFileReference; lastKnownFileType = wrapper.framework; name = AppKit.framework; path = System/Library/Frameworks/AppKit.framework; sourceTree = SDKROOT; };
		592E5A361595D6FB002FFF5C /* CoreData.framework */ = {isa = PBXFileReference; lastKnownFileType = wrapper.framework; name = CoreData.framework; path = System/Library/Frameworks/CoreData.framework; sourceTree = SDKROOT; };
		592E5A371595D6FB002FFF5C /* Foundation.framework */ = {isa = PBXFileReference; lastKnownFileType = wrapper.framework; name = Foundation.framework; path = System/Library/Frameworks/Foundation.framework; sourceTree = SDKROOT; };
		592E5A3A1595D6FB002FFF5C /* MovieTagger-Info.plist */ = {isa = PBXFileReference; lastKnownFileType = text.plist.xml; path = "MovieTagger-Info.plist"; sourceTree = "<group>"; };
		592E5A3C1595D6FB002FFF5C /* en */ = {isa = PBXFileReference; lastKnownFileType = text.plist.strings; name = en; path = en.lproj/InfoPlist.strings; sourceTree = "<group>"; };
		592E5A3E1595D6FB002FFF5C /* main.m */ = {isa = PBXFileReference; lastKnownFileType = sourcecode.c.objc; path = main.m; sourceTree = "<group>"; };
		592E5A401595D6FB002FFF5C /* MovieTagger-Prefix.pch */ = {isa = PBXFileReference; lastKnownFileType = sourcecode.c.h; path = "MovieTagger-Prefix.pch"; sourceTree = "<group>"; };
		592E5A441595D6FB002FFF5C /* Document.h */ = {isa = PBXFileReference; lastKnownFileType = sourcecode.c.h; path = Document.h; sourceTree = "<group>"; };
		592E5A451595D6FB002FFF5C /* Document.m */ = {isa = PBXFileReference; lastKnownFileType = sourcecode.c.objc; path = Document.m; sourceTree = "<group>"; };
		592E5A481595D6FB002FFF5C /* en */ = {isa = PBXFileReference; lastKnownFileType = file.xib; name = en; path = en.lproj/Document.xib; sourceTree = "<group>"; };
		592E5A4B1595D6FB002FFF5C /* en */ = {isa = PBXFileReference; lastKnownFileType = file.xib; name = en; path = en.lproj/MainMenu.xib; sourceTree = "<group>"; };
		592E5A591595F9CF002FFF5C /* MoviePreview.h */ = {isa = PBXFileReference; fileEncoding = 4; lastKnownFileType = sourcecode.c.h; path = MoviePreview.h; sourceTree = "<group>"; };
		592E5A5A1595F9CF002FFF5C /* MoviePreview.m */ = {isa = PBXFileReference; fileEncoding = 4; lastKnownFileType = sourcecode.c.objc; path = MoviePreview.m; sourceTree = "<group>"; };
		592E5A5C159603FF002FFF5C /* Movie.h */ = {isa = PBXFileReference; fileEncoding = 4; lastKnownFileType = sourcecode.c.h; path = Movie.h; sourceTree = "<group>"; };
		592E5A5D159603FF002FFF5C /* Movie.m */ = {isa = PBXFileReference; fileEncoding = 4; lastKnownFileType = sourcecode.c.objc; path = Movie.m; sourceTree = "<group>"; };
		59ADD92B1597450D00AF72FF /* MovieTagger.entitlements */ = {isa = PBXFileReference; lastKnownFileType = text.xml; path = MovieTagger.entitlements; sourceTree = "<group>"; };
/* End PBXFileReference section */

/* Begin PBXFrameworksBuildPhase section */
		592E5A2B1595D6FB002FFF5C /* Frameworks */ = {
			isa = PBXFrameworksBuildPhase;
			buildActionMask = 2147483647;
			files = (
				592E5A331595D6FB002FFF5C /* Cocoa.framework in Frameworks */,
			);
			runOnlyForDeploymentPostprocessing = 0;
		};
/* End PBXFrameworksBuildPhase section */

/* Begin PBXGroup section */
		592E5A231595D6FB002FFF5C = {
			isa = PBXGroup;
			children = (
				592E5A381595D6FB002FFF5C /* MovieTagger */,
				592E5A311595D6FB002FFF5C /* Frameworks */,
				592E5A2F1595D6FB002FFF5C /* Products */,
			);
			sourceTree = "<group>";
		};
		592E5A2F1595D6FB002FFF5C /* Products */ = {
			isa = PBXGroup;
			children = (
				592E5A2E1595D6FB002FFF5C /* MovieTagger.app */,
			);
			name = Products;
			sourceTree = "<group>";
		};
		592E5A311595D6FB002FFF5C /* Frameworks */ = {
			isa = PBXGroup;
			children = (
				592E5A321595D6FB002FFF5C /* Cocoa.framework */,
				592E5A341595D6FB002FFF5C /* Other Frameworks */,
			);
			name = Frameworks;
			sourceTree = "<group>";
		};
		592E5A341595D6FB002FFF5C /* Other Frameworks */ = {
			isa = PBXGroup;
			children = (
				592E5A351595D6FB002FFF5C /* AppKit.framework */,
				592E5A361595D6FB002FFF5C /* CoreData.framework */,
				592E5A371595D6FB002FFF5C /* Foundation.framework */,
			);
			name = "Other Frameworks";
			sourceTree = "<group>";
		};
		592E5A381595D6FB002FFF5C /* MovieTagger */ = {
			isa = PBXGroup;
			children = (
				592E5A561595F8D8002FFF5C /* Controller */,
				592E5A581595F91C002FFF5C /* Model */,
				592E5A391595D6FB002FFF5C /* Supporting Files */,
				592E5A571595F8E7002FFF5C /* View */,
			);
			path = MovieTagger;
			sourceTree = "<group>";
		};
		592E5A391595D6FB002FFF5C /* Supporting Files */ = {
			isa = PBXGroup;
			children = (
				59ADD92B1597450D00AF72FF /* MovieTagger.entitlements */,
				592E5A3A1595D6FB002FFF5C /* MovieTagger-Info.plist */,
				592E5A3B1595D6FB002FFF5C /* InfoPlist.strings */,
				592E5A3E1595D6FB002FFF5C /* main.m */,
				592E5A401595D6FB002FFF5C /* MovieTagger-Prefix.pch */,
			);
			name = "Supporting Files";
			sourceTree = "<group>";
		};
		592E5A561595F8D8002FFF5C /* Controller */ = {
			isa = PBXGroup;
			children = (
				592E5A441595D6FB002FFF5C /* Document.h */,
				592E5A451595D6FB002FFF5C /* Document.m */,
			);
			name = Controller;
			sourceTree = "<group>";
		};
		592E5A571595F8E7002FFF5C /* View */ = {
			isa = PBXGroup;
			children = (
				592E5A471595D6FB002FFF5C /* Document.xib */,
				592E5A4A1595D6FB002FFF5C /* MainMenu.xib */,
			);
			name = View;
			sourceTree = "<group>";
		};
		592E5A581595F91C002FFF5C /* Model */ = {
			isa = PBXGroup;
			children = (
				592E5A5C159603FF002FFF5C /* Movie.h */,
				592E5A5D159603FF002FFF5C /* Movie.m */,
				592E5A591595F9CF002FFF5C /* MoviePreview.h */,
				592E5A5A1595F9CF002FFF5C /* MoviePreview.m */,
			);
			name = Model;
			sourceTree = "<group>";
		};
/* End PBXGroup section */

/* Begin PBXNativeTarget section */
		592E5A2D1595D6FB002FFF5C /* MovieTagger */ = {
			isa = PBXNativeTarget;
			buildConfigurationList = 592E5A4F1595D6FB002FFF5C /* Build configuration list for PBXNativeTarget "MovieTagger" */;
			buildPhases = (
				592E5A2A1595D6FB002FFF5C /* Sources */,
				592E5A2B1595D6FB002FFF5C /* Frameworks */,
				592E5A2C1595D6FB002FFF5C /* Resources */,
			);
			buildRules = (
			);
			dependencies = (
			);
			name = MovieTagger;
			productName = MovieTagger;
			productReference = 592E5A2E1595D6FB002FFF5C /* MovieTagger.app */;
			productType = "com.apple.product-type.application";
		};
/* End PBXNativeTarget section */

/* Begin PBXProject section */
		592E5A251595D6FB002FFF5C /* Project object */ = {
			isa = PBXProject;
			attributes = {
				LastUpgradeCheck = 0430;
				ORGANIZATIONNAME = Rebased;
			};
			buildConfigurationList = 592E5A281595D6FB002FFF5C /* Build configuration list for PBXProject "MovieTagger" */;
			compatibilityVersion = "Xcode 3.2";
			developmentRegion = English;
			hasScannedForEncodings = 0;
			knownRegions = (
				en,
			);
			mainGroup = 592E5A231595D6FB002FFF5C;
			productRefGroup = 592E5A2F1595D6FB002FFF5C /* Products */;
			projectDirPath = "";
			projectRoot = "";
			targets = (
				592E5A2D1595D6FB002FFF5C /* MovieTagger */,
			);
		};
/* End PBXProject section */

/* Begin PBXResourcesBuildPhase section */
		592E5A2C1595D6FB002FFF5C /* Resources */ = {
			isa = PBXResourcesBuildPhase;
			buildActionMask = 2147483647;
			files = (
				592E5A3D1595D6FB002FFF5C /* InfoPlist.strings in Resources */,
				592E5A491595D6FB002FFF5C /* Document.xib in Resources */,
				592E5A4C1595D6FB002FFF5C /* MainMenu.xib in Resources */,
			);
			runOnlyForDeploymentPostprocessing = 0;
		};
/* End PBXResourcesBuildPhase section */

/* Begin PBXSourcesBuildPhase section */
		592E5A2A1595D6FB002FFF5C /* Sources */ = {
			isa = PBXSourcesBuildPhase;
			buildActionMask = 2147483647;
			files = (
				592E5A3F1595D6FB002FFF5C /* main.m in Sources */,
				592E5A461595D6FB002FFF5C /* Document.m in Sources */,
				592E5A5B1595F9CF002FFF5C /* MoviePreview.m in Sources */,
				592E5A5E159603FF002FFF5C /* Movie.m in Sources */,
			);
			runOnlyForDeploymentPostprocessing = 0;
		};
/* End PBXSourcesBuildPhase section */

/* Begin PBXVariantGroup section */
		592E5A3B1595D6FB002FFF5C /* InfoPlist.strings */ = {
			isa = PBXVariantGroup;
			children = (
				592E5A3C1595D6FB002FFF5C /* en */,
			);
			name = InfoPlist.strings;
			sourceTree = "<group>";
		};
		592E5A471595D6FB002FFF5C /* Document.xib */ = {
			isa = PBXVariantGroup;
			children = (
				592E5A481595D6FB002FFF5C /* en */,
			);
			name = Document.xib;
			sourceTree = "<group>";
		};
		592E5A4A1595D6FB002FFF5C /* MainMenu.xib */ = {
			isa = PBXVariantGroup;
			children = (
				592E5A4B1595D6FB002FFF5C /* en */,
			);
			name = MainMenu.xib;
			sourceTree = "<group>";
		};
/* End PBXVariantGroup section */

/* Begin XCBuildConfiguration section */
		592E5A4D1595D6FB002FFF5C /* Debug */ = {
			isa = XCBuildConfiguration;
			buildSettings = {
				ALWAYS_SEARCH_USER_PATHS = NO;
				ARCHS = "$(ARCHS_STANDARD_64_BIT)";
				CLANG_ENABLE_OBJC_ARC = YES;
				COPY_PHASE_STRIP = NO;
				GCC_C_LANGUAGE_STANDARD = gnu99;
				GCC_DYNAMIC_NO_PIC = NO;
				GCC_ENABLE_OBJC_EXCEPTIONS = YES;
				GCC_OPTIMIZATION_LEVEL = 0;
				GCC_PREPROCESSOR_DEFINITIONS = (
					"DEBUG=1",
					"$(inherited)",
				);
				GCC_SYMBOLS_PRIVATE_EXTERN = NO;
				GCC_VERSION = com.apple.compilers.llvm.clang.1_0;
				GCC_WARN_64_TO_32_BIT_CONVERSION = YES;
				GCC_WARN_ABOUT_RETURN_TYPE = YES;
				GCC_WARN_UNINITIALIZED_AUTOS = YES;
				GCC_WARN_UNUSED_VARIABLE = YES;
				MACOSX_DEPLOYMENT_TARGET = 10.7;
				ONLY_ACTIVE_ARCH = YES;
				SDKROOT = macosx;
			};
			name = Debug;
		};
		592E5A4E1595D6FB002FFF5C /* Release */ = {
			isa = XCBuildConfiguration;
			buildSettings = {
				ALWAYS_SEARCH_USER_PATHS = NO;
				ARCHS = "$(ARCHS_STANDARD_64_BIT)";
				CLANG_ENABLE_OBJC_ARC = YES;
				COPY_PHASE_STRIP = YES;
				DEBUG_INFORMATION_FORMAT = "dwarf-with-dsym";
				GCC_C_LANGUAGE_STANDARD = gnu99;
				GCC_ENABLE_OBJC_EXCEPTIONS = YES;
				GCC_VERSION = com.apple.compilers.llvm.clang.1_0;
				GCC_WARN_64_TO_32_BIT_CONVERSION = YES;
				GCC_WARN_ABOUT_RETURN_TYPE = YES;
				GCC_WARN_UNINITIALIZED_AUTOS = YES;
				GCC_WARN_UNUSED_VARIABLE = YES;
				MACOSX_DEPLOYMENT_TARGET = 10.7;
				SDKROOT = macosx;
			};
			name = Release;
		};
		592E5A501595D6FB002FFF5C /* Debug */ = {
			isa = XCBuildConfiguration;
			buildSettings = {
				CODE_SIGN_ENTITLEMENTS = MovieTagger/MovieTagger.entitlements;
				CODE_SIGN_IDENTITY = "My Test Certificate";
				GCC_PRECOMPILE_PREFIX_HEADER = YES;
				GCC_PREFIX_HEADER = "MovieTagger/MovieTagger-Prefix.pch";
				INFOPLIST_FILE = "MovieTagger/MovieTagger-Info.plist";
				PRODUCT_NAME = "$(TARGET_NAME)";
				PROVISIONING_PROFILE = "";
				WRAPPER_EXTENSION = app;
			};
			name = Debug;
		};
		592E5A511595D6FB002FFF5C /* Release */ = {
			isa = XCBuildConfiguration;
			buildSettings = {
				CODE_SIGN_ENTITLEMENTS = MovieTagger/MovieTagger.entitlements;
				CODE_SIGN_IDENTITY = "My Test Certificate";
				GCC_PRECOMPILE_PREFIX_HEADER = YES;
				GCC_PREFIX_HEADER = "MovieTagger/MovieTagger-Prefix.pch";
				INFOPLIST_FILE = "MovieTagger/MovieTagger-Info.plist";
				PRODUCT_NAME = "$(TARGET_NAME)";
				PROVISIONING_PROFILE = "";
				WRAPPER_EXTENSION = app;
			};
			name = Release;
		};
/* End XCBuildConfiguration section */

/* Begin XCConfigurationList section */
		592E5A281595D6FB002FFF5C /* Build configuration list for PBXProject "MovieTagger" */ = {
			isa = XCConfigurationList;
			buildConfigurations = (
				592E5A4D1595D6FB002FFF5C /* Debug */,
				592E5A4E1595D6FB002FFF5C /* Release */,
			);
			defaultConfigurationIsVisible = 0;
			defaultConfigurationName = Release;
		};
		592E5A4F1595D6FB002FFF5C /* Build configuration list for PBXNativeTarget "MovieTagger" */ = {
			isa = XCConfigurationList;
			buildConfigurations = (
				592E5A501595D6FB002FFF5C /* Debug */,
				592E5A511595D6FB002FFF5C /* Release */,
			);
			defaultConfigurationIsVisible = 0;
			defaultConfigurationName = Release;
		};
/* End XCConfigurationList section */
	};
	rootObject = 592E5A251595D6FB002FFF5C /* Project object */;
}
